
Microsoft Visual Studio Solution File, Format Version 12.00
# Visual Studio Version 16
VisualStudioVersion = 16.0.29806.167
MinimumVisualStudioVersion = 10.0.40219.1
Project("{9A19103F-16F7-4668-BE54-9A1E7A4F7556}") = "ChatDrugiPut.Server", "ChatDrugiPut\Server\ChatDrugiPut.Server.csproj", "{3A18FE0E-3B8E-4624-8F96-DA518A6BB5EC}"
EndProject
Project("{9A19103F-16F7-4668-BE54-9A1E7A4F7556}") = "ChatDrugiPut.Client", "ChatDrugiPut\Client\ChatDrugiPut.Client.csproj", "{30CD52AD-F9CE-4BAC-A446-1DCF38E5ECCA}"
EndProject
Project("{9A19103F-16F7-4668-BE54-9A1E7A4F7556}") = "ChatDrugiPut.Shared", "ChatDrugiPut\Shared\ChatDrugiPut.Shared.csproj", "{5C0C5869-89C6-46DC-9E24-ED695B8FDAE2}"
EndProject
Global
	GlobalSection(SolutionConfigurationPlatforms) = preSolution
		Debug|Any CPU = Debug|Any CPU
		Release|Any CPU = Release|Any CPU
	EndGlobalSection
	GlobalSection(ProjectConfigurationPlatforms) = postSolution
		{3A18FE0E-3B8E-4624-8F96-DA518A6BB5EC}.Debug|Any CPU.ActiveCfg = Debug|Any CPU
		{3A18FE0E-3B8E-4624-8F96-DA518A6BB5EC}.Debug|Any CPU.Build.0 = Debug|Any CPU
		{3A18FE0E-3B8E-4624-8F96-DA518A6BB5EC}.Release|Any CPU.ActiveCfg = Release|Any CPU
		{3A18FE0E-3B8E-4624-8F96-DA518A6BB5EC}.Release|Any CPU.Build.0 = Release|Any CPU
		{30CD52AD-F9CE-4BAC-A446-1DCF38E5ECCA}.Debug|Any CPU.ActiveCfg = Debug|Any CPU
		{30CD52AD-F9CE-4BAC-A446-1DCF38E5ECCA}.Debug|Any CPU.Build.0 = Debug|Any CPU
		{30CD52AD-F9CE-4BAC-A446-1DCF38E5ECCA}.Release|Any CPU.ActiveCfg = Release|Any CPU
		{30CD52AD-F9CE-4BAC-A446-1DCF38E5ECCA}.Release|Any CPU.Build.0 = Release|Any CPU
		{5C0C5869-89C6-46DC-9E24-ED695B8FDAE2}.Debug|Any CPU.ActiveCfg = Debug|Any CPU
		{5C0C5869-89C6-46DC-9E24-ED695B8FDAE2}.Debug|Any CPU.Build.0 = Debug|Any CPU
		{5C0C5869-89C6-46DC-9E24-ED695B8FDAE2}.Release|Any CPU.ActiveCfg = Release|Any CPU
		{5C0C5869-89C6-46DC-9E24-ED695B8FDAE2}.Release|Any CPU.Build.0 = Release|Any CPU
	EndGlobalSection
	GlobalSection(SolutionProperties) = preSolution
		HideSolutionNode = FALSE
	EndGlobalSection
	GlobalSection(ExtensibilityGlobals) = postSolution
		SolutionGuid = {99A9A39B-CFFB-477B-933A-7544C3556E4E}
	EndGlobalSection
EndGlobal
